{
  "nodes": {
    "flakeNimbleLib": {
      "inputs": {
        "nixpkgs": [
          "nixpkgs"
        ]
      },
      "locked": {
        "lastModified": 1662018438,
        "narHash": "sha256-QtNtU6+LX3Wokxf0zlFwKTFOcn6TeDjKQZ+DA9OYtvM=",
        "owner": "riinr",
        "repo": "nim-flakes-lib",
        "rev": "b1fe8340736e3a85d25c709ac3dfd82a55c03cbf",
        "type": "github"
      },
      "original": {
        "owner": "riinr",
        "ref": "master",
        "repo": "nim-flakes-lib",
        "type": "github"
      }
    },
    "nixpkgs": {
      "locked": {
        "lastModified": 1667110639,
        "narHash": "sha256-4FbPESZ5LbqQxkJJJBAfk/zKgF9h/4kyUwjjpJwYlbc=",
        "owner": "NixOS",
        "repo": "nixpkgs",
        "rev": "f38a1f04d1bec1feb61fd101a0539ae2002a7087",
        "type": "github"
      },
      "original": {
        "id": "nixpkgs",
        "type": "indirect"
      }
    },
    "root": {
      "inputs": {
        "flakeNimbleLib": "flakeNimbleLib",
        "nixpkgs": "nixpkgs",
        "soundex-master": "soundex-master"
      }
    },
    "soundex-master": {
      "inputs": {
        "flakeNimbleLib": [
          "flakeNimbleLib"
        ],
        "nixpkgs": [
          "nixpkgs"
        ],
        "src-soundex-master": "src-soundex-master"
      },
      "locked": {
        "dir": "master",
        "lastModified": 1662254838,
        "narHash": "sha256-nBCJRnMr4VBjimCh55CYKRubBykdTzbp2vzcLl3fXGo=",
        "owner": "nim-nix-pkgs",
        "repo": "soundex",
        "rev": "349cbb2bba2d3f343a60b59d7fa1a98da7a3b14a",
        "type": "github"
      },
      "original": {
        "dir": "master",
        "owner": "nim-nix-pkgs",
        "ref": "master",
        "repo": "soundex",
        "type": "github"
      }
    },
    "src-soundex-master": {
      "flake": false,
      "locked": {
        "lastModified": 1593382536,
        "narHash": "sha256-tsMcQ+v5ac5ieGKovknt9FbrGUZU/FoOOJkrL3CcCuY=",
        "owner": "Kashiwara0205",
        "repo": "soundex",
        "rev": "2e0337fd92bd320c53ce11194171de063fea6a37",
        "type": "github"
      },
      "original": {
        "owner": "Kashiwara0205",
        "ref": "refs/heads/master",
        "repo": "soundex",
        "type": "github"
      }
    }
  },
  "root": "root",
  "version": 7
}
